
Microsoft Visual Studio Solution File, Format Version 12.00
# Visual Studio 2013
VisualStudioVersion = 12.0.30723.0
MinimumVisualStudioVersion = 10.0.40219.1
Project("{FAE04EC0-301F-11D3-BF4B-00C04F79EFBC}") = "XamFormsGPSDependency", "XamFormsGPSDependency\XamFormsGPSDependency\XamFormsGPSDependency.csproj", "{8AB3E424-28BD-4299-B730-291D3D72D6D8}"
EndProject
Project("{FAE04EC0-301F-11D3-BF4B-00C04F79EFBC}") = "XamFormsGPSDependency.iOS", "XamFormsGPSDependency\XamFormsGPSDependency.iOS\XamFormsGPSDependency.iOS.csproj", "{EA7FE66E-4DEB-4FF7-8038-90556EC83F57}"
EndProject
Project("{FAE04EC0-301F-11D3-BF4B-00C04F79EFBC}") = "XamFormsGPSDependency.Android", "XamFormsGPSDependency\XamFormsGPSDependency.Android\XamFormsGPSDependency.Android.csproj", "{5FE29E66-D399-417C-A126-6F55C298C507}"
EndProject
Project("{FAE04EC0-301F-11D3-BF4B-00C04F79EFBC}") = "XamFormsGPSDependency.WinPhone", "XamFormsGPSDependency\XamFormsGPSDependency.WinPhone\XamFormsGPSDependency.WinPhone.csproj", "{C99EB81B-AF1D-47B5-A63F-79C0B4AC84A4}"
EndProject
Global
	GlobalSection(SolutionConfigurationPlatforms) = preSolution
		Ad-Hoc|Any CPU = Ad-Hoc|Any CPU
		Ad-Hoc|ARM = Ad-Hoc|ARM
		Ad-Hoc|iPhone = Ad-Hoc|iPhone
		Ad-Hoc|iPhoneSimulator = Ad-Hoc|iPhoneSimulator
		Ad-Hoc|Mixed Platforms = Ad-Hoc|Mixed Platforms
		Ad-Hoc|x86 = Ad-Hoc|x86
		AppStore|Any CPU = AppStore|Any CPU
		AppStore|ARM = AppStore|ARM
		AppStore|iPhone = AppStore|iPhone
		AppStore|iPhoneSimulator = AppStore|iPhoneSimulator
		AppStore|Mixed Platforms = AppStore|Mixed Platforms
		AppStore|x86 = AppStore|x86
		Debug|Any CPU = Debug|Any CPU
		Debug|ARM = Debug|ARM
		Debug|iPhone = Debug|iPhone
		Debug|iPhoneSimulator = Debug|iPhoneSimulator
		Debug|Mixed Platforms = Debug|Mixed Platforms
		Debug|x86 = Debug|x86
		Release|Any CPU = Release|Any CPU
		Release|ARM = Release|ARM
		Release|iPhone = Release|iPhone
		Release|iPhoneSimulator = Release|iPhoneSimulator
		Release|Mixed Platforms = Release|Mixed Platforms
		Release|x86 = Release|x86
	EndGlobalSection
	GlobalSection(ProjectConfigurationPlatforms) = postSolution
		{8AB3E424-28BD-4299-B730-291D3D72D6D8}.Ad-Hoc|Any CPU.ActiveCfg = Release|Any CPU
		{8AB3E424-28BD-4299-B730-291D3D72D6D8}.Ad-Hoc|Any CPU.Build.0 = Release|Any CPU
		{8AB3E424-28BD-4299-B730-291D3D72D6D8}.Ad-Hoc|ARM.ActiveCfg = Release|Any CPU
		{8AB3E424-28BD-4299-B730-291D3D72D6D8}.Ad-Hoc|iPhone.ActiveCfg = Release|Any CPU
		{8AB3E424-28BD-4299-B730-291D3D72D6D8}.Ad-Hoc|iPhoneSimulator.ActiveCfg = Release|Any CPU
		{8AB3E424-28BD-4299-B730-291D3D72D6D8}.Ad-Hoc|Mixed Platforms.ActiveCfg = Release|Any CPU
		{8AB3E424-28BD-4299-B730-291D3D72D6D8}.Ad-Hoc|Mixed Platforms.Build.0 = Release|Any CPU
		{8AB3E424-28BD-4299-B730-291D3D72D6D8}.Ad-Hoc|x86.ActiveCfg = Release|Any CPU
		{8AB3E424-28BD-4299-B730-291D3D72D6D8}.AppStore|Any CPU.ActiveCfg = Release|Any CPU
		{8AB3E424-28BD-4299-B730-291D3D72D6D8}.AppStore|Any CPU.Build.0 = Release|Any CPU
		{8AB3E424-28BD-4299-B730-291D3D72D6D8}.AppStore|ARM.ActiveCfg = Release|Any CPU
		{8AB3E424-28BD-4299-B730-291D3D72D6D8}.AppStore|iPhone.ActiveCfg = Release|Any CPU
		{8AB3E424-28BD-4299-B730-291D3D72D6D8}.AppStore|iPhoneSimulator.ActiveCfg = Release|Any CPU
		{8AB3E424-28BD-4299-B730-291D3D72D6D8}.AppStore|Mixed Platforms.ActiveCfg = Release|Any CPU
		{8AB3E424-28BD-4299-B730-291D3D72D6D8}.AppStore|Mixed Platforms.Build.0 = Release|Any CPU
		{8AB3E424-28BD-4299-B730-291D3D72D6D8}.AppStore|x86.ActiveCfg = Release|Any CPU
		{8AB3E424-28BD-4299-B730-291D3D72D6D8}.Debug|Any CPU.ActiveCfg = Debug|Any CPU
		{8AB3E424-28BD-4299-B730-291D3D72D6D8}.Debug|Any CPU.Build.0 = Debug|Any CPU
		{8AB3E424-28BD-4299-B730-291D3D72D6D8}.Debug|ARM.ActiveCfg = Debug|Any CPU
		{8AB3E424-28BD-4299-B730-291D3D72D6D8}.Debug|iPhone.ActiveCfg = Debug|Any CPU
		{8AB3E424-28BD-4299-B730-291D3D72D6D8}.Debug|iPhoneSimulator.ActiveCfg = Debug|Any CPU
		{8AB3E424-28BD-4299-B730-291D3D72D6D8}.Debug|Mixed Platforms.ActiveCfg = Debug|Any CPU
		{8AB3E424-28BD-4299-B730-291D3D72D6D8}.Debug|Mixed Platforms.Build.0 = Debug|Any CPU
		{8AB3E424-28BD-4299-B730-291D3D72D6D8}.Debug|x86.ActiveCfg = Debug|Any CPU
		{8AB3E424-28BD-4299-B730-291D3D72D6D8}.Release|Any CPU.ActiveCfg = Release|Any CPU
		{8AB3E424-28BD-4299-B730-291D3D72D6D8}.Release|Any CPU.Build.0 = Release|Any CPU
		{8AB3E424-28BD-4299-B730-291D3D72D6D8}.Release|ARM.ActiveCfg = Release|Any CPU
		{8AB3E424-28BD-4299-B730-291D3D72D6D8}.Release|iPhone.ActiveCfg = Release|Any CPU
		{8AB3E424-28BD-4299-B730-291D3D72D6D8}.Release|iPhoneSimulator.ActiveCfg = Release|Any CPU
		{8AB3E424-28BD-4299-B730-291D3D72D6D8}.Release|Mixed Platforms.ActiveCfg = Release|Any CPU
		{8AB3E424-28BD-4299-B730-291D3D72D6D8}.Release|Mixed Platforms.Build.0 = Release|Any CPU
		{8AB3E424-28BD-4299-B730-291D3D72D6D8}.Release|x86.ActiveCfg = Release|Any CPU
		{EA7FE66E-4DEB-4FF7-8038-90556EC83F57}.Ad-Hoc|Any CPU.ActiveCfg = Ad-Hoc|iPhone
		{EA7FE66E-4DEB-4FF7-8038-90556EC83F57}.Ad-Hoc|ARM.ActiveCfg = Ad-Hoc|iPhone
		{EA7FE66E-4DEB-4FF7-8038-90556EC83F57}.Ad-Hoc|iPhone.ActiveCfg = Ad-Hoc|iPhone
		{EA7FE66E-4DEB-4FF7-8038-90556EC83F57}.Ad-Hoc|iPhone.Build.0 = Ad-Hoc|iPhone
		{EA7FE66E-4DEB-4FF7-8038-90556EC83F57}.Ad-Hoc|iPhone.Deploy.0 = Ad-Hoc|iPhone
		{EA7FE66E-4DEB-4FF7-8038-90556EC83F57}.Ad-Hoc|iPhoneSimulator.ActiveCfg = Ad-Hoc|iPhoneSimulator
		{EA7FE66E-4DEB-4FF7-8038-90556EC83F57}.Ad-Hoc|iPhoneSimulator.Build.0 = Ad-Hoc|iPhoneSimulator
		{EA7FE66E-4DEB-4FF7-8038-90556EC83F57}.Ad-Hoc|iPhoneSimulator.Deploy.0 = Ad-Hoc|iPhoneSimulator
		{EA7FE66E-4DEB-4FF7-8038-90556EC83F57}.Ad-Hoc|Mixed Platforms.ActiveCfg = Ad-Hoc|iPhone
		{EA7FE66E-4DEB-4FF7-8038-90556EC83F57}.Ad-Hoc|Mixed Platforms.Build.0 = Ad-Hoc|iPhone
		{EA7FE66E-4DEB-4FF7-8038-90556EC83F57}.Ad-Hoc|Mixed Platforms.Deploy.0 = Ad-Hoc|iPhone
		{EA7FE66E-4DEB-4FF7-8038-90556EC83F57}.Ad-Hoc|x86.ActiveCfg = Ad-Hoc|iPhone
		{EA7FE66E-4DEB-4FF7-8038-90556EC83F57}.AppStore|Any CPU.ActiveCfg = AppStore|iPhone
		{EA7FE66E-4DEB-4FF7-8038-90556EC83F57}.AppStore|ARM.ActiveCfg = AppStore|iPhone
		{EA7FE66E-4DEB-4FF7-8038-90556EC83F57}.AppStore|iPhone.ActiveCfg = AppStore|iPhone
		{EA7FE66E-4DEB-4FF7-8038-90556EC83F57}.AppStore|iPhone.Build.0 = AppStore|iPhone
		{EA7FE66E-4DEB-4FF7-8038-90556EC83F57}.AppStore|iPhone.Deploy.0 = AppStore|iPhone
		{EA7FE66E-4DEB-4FF7-8038-90556EC83F57}.AppStore|iPhoneSimulator.ActiveCfg = AppStore|iPhoneSimulator
		{EA7FE66E-4DEB-4FF7-8038-90556EC83F57}.AppStore|iPhoneSimulator.Build.0 = AppStore|iPhoneSimulator
		{EA7FE66E-4DEB-4FF7-8038-90556EC83F57}.AppStore|iPhoneSimulator.Deploy.0 = AppStore|iPhoneSimulator
		{EA7FE66E-4DEB-4FF7-8038-90556EC83F57}.AppStore|Mixed Platforms.ActiveCfg = AppStore|iPhone
		{EA7FE66E-4DEB-4FF7-8038-90556EC83F57}.AppStore|Mixed Platforms.Build.0 = AppStore|iPhone
		{EA7FE66E-4DEB-4FF7-8038-90556EC83F57}.AppStore|Mixed Platforms.Deploy.0 = AppStore|iPhone
		{EA7FE66E-4DEB-4FF7-8038-90556EC83F57}.AppStore|x86.ActiveCfg = AppStore|iPhone
		{EA7FE66E-4DEB-4FF7-8038-90556EC83F57}.Debug|Any CPU.ActiveCfg = Debug|iPhone
		{EA7FE66E-4DEB-4FF7-8038-90556EC83F57}.Debug|ARM.ActiveCfg = Debug|iPhone
		{EA7FE66E-4DEB-4FF7-8038-90556EC83F57}.Debug|iPhone.ActiveCfg = Debug|iPhone
		{EA7FE66E-4DEB-4FF7-8038-90556EC83F57}.Debug|iPhone.Build.0 = Debug|iPhone
		{EA7FE66E-4DEB-4FF7-8038-90556EC83F57}.Debug|iPhone.Deploy.0 = Debug|iPhone
		{EA7FE66E-4DEB-4FF7-8038-90556EC83F57}.Debug|iPhoneSimulator.ActiveCfg = Debug|iPhoneSimulator
		{EA7FE66E-4DEB-4FF7-8038-90556EC83F57}.Debug|iPhoneSimulator.Build.0 = Debug|iPhoneSimulator
		{EA7FE66E-4DEB-4FF7-8038-90556EC83F57}.Debug|iPhoneSimulator.Deploy.0 = Debug|iPhoneSimulator
		{EA7FE66E-4DEB-4FF7-8038-90556EC83F57}.Debug|Mixed Platforms.ActiveCfg = Debug|iPhoneSimulator
		{EA7FE66E-4DEB-4FF7-8038-90556EC83F57}.Debug|Mixed Platforms.Build.0 = Debug|iPhoneSimulator
		{EA7FE66E-4DEB-4FF7-8038-90556EC83F57}.Debug|Mixed Platforms.Deploy.0 = Debug|iPhoneSimulator
		{EA7FE66E-4DEB-4FF7-8038-90556EC83F57}.Debug|x86.ActiveCfg = Debug|iPhone
		{EA7FE66E-4DEB-4FF7-8038-90556EC83F57}.Release|Any CPU.ActiveCfg = Release|iPhone
		{EA7FE66E-4DEB-4FF7-8038-90556EC83F57}.Release|ARM.ActiveCfg = Release|iPhone
		{EA7FE66E-4DEB-4FF7-8038-90556EC83F57}.Release|iPhone.ActiveCfg = Release|iPhone
		{EA7FE66E-4DEB-4FF7-8038-90556EC83F57}.Release|iPhone.Build.0 = Release|iPhone
		{EA7FE66E-4DEB-4FF7-8038-90556EC83F57}.Release|iPhone.Deploy.0 = Release|iPhone
		{EA7FE66E-4DEB-4FF7-8038-90556EC83F57}.Release|iPhoneSimulator.ActiveCfg = Release|iPhoneSimulator
		{EA7FE66E-4DEB-4FF7-8038-90556EC83F57}.Release|iPhoneSimulator.Build.0 = Release|iPhoneSimulator
		{EA7FE66E-4DEB-4FF7-8038-90556EC83F57}.Release|iPhoneSimulator.Deploy.0 = Release|iPhoneSimulator
		{EA7FE66E-4DEB-4FF7-8038-90556EC83F57}.Release|Mixed Platforms.ActiveCfg = Release|iPhone
		{EA7FE66E-4DEB-4FF7-8038-90556EC83F57}.Release|Mixed Platforms.Build.0 = Release|iPhone
		{EA7FE66E-4DEB-4FF7-8038-90556EC83F57}.Release|Mixed Platforms.Deploy.0 = Release|iPhone
		{EA7FE66E-4DEB-4FF7-8038-90556EC83F57}.Release|x86.ActiveCfg = Release|iPhone
		{5FE29E66-D399-417C-A126-6F55C298C507}.Ad-Hoc|Any CPU.ActiveCfg = Release|Any CPU
		{5FE29E66-D399-417C-A126-6F55C298C507}.Ad-Hoc|Any CPU.Build.0 = Release|Any CPU
		{5FE29E66-D399-417C-A126-6F55C298C507}.Ad-Hoc|Any CPU.Deploy.0 = Release|Any CPU
		{5FE29E66-D399-417C-A126-6F55C298C507}.Ad-Hoc|ARM.ActiveCfg = Release|Any CPU
		{5FE29E66-D399-417C-A126-6F55C298C507}.Ad-Hoc|iPhone.ActiveCfg = Release|Any CPU
		{5FE29E66-D399-417C-A126-6F55C298C507}.Ad-Hoc|iPhoneSimulator.ActiveCfg = Release|Any CPU
		{5FE29E66-D399-417C-A126-6F55C298C507}.Ad-Hoc|Mixed Platforms.ActiveCfg = Release|Any CPU
		{5FE29E66-D399-417C-A126-6F55C298C507}.Ad-Hoc|Mixed Platforms.Build.0 = Release|Any CPU
		{5FE29E66-D399-417C-A126-6F55C298C507}.Ad-Hoc|Mixed Platforms.Deploy.0 = Release|Any CPU
		{5FE29E66-D399-417C-A126-6F55C298C507}.Ad-Hoc|x86.ActiveCfg = Release|Any CPU
		{5FE29E66-D399-417C-A126-6F55C298C507}.AppStore|Any CPU.ActiveCfg = Release|Any CPU
		{5FE29E66-D399-417C-A126-6F55C298C507}.AppStore|Any CPU.Build.0 = Release|Any CPU
		{5FE29E66-D399-417C-A126-6F55C298C507}.AppStore|Any CPU.Deploy.0 = Release|Any CPU
		{5FE29E66-D399-417C-A126-6F55C298C507}.AppStore|ARM.ActiveCfg = Release|Any CPU
		{5FE29E66-D399-417C-A126-6F55C298C507}.AppStore|iPhone.ActiveCfg = Release|Any CPU
		{5FE29E66-D399-417C-A126-6F55C298C507}.AppStore|iPhoneSimulator.ActiveCfg = Release|Any CPU
		{5FE29E66-D399-417C-A126-6F55C298C507}.AppStore|Mixed Platforms.ActiveCfg = Release|Any CPU
		{5FE29E66-D399-417C-A126-6F55C298C507}.AppStore|Mixed Platforms.Build.0 = Release|Any CPU
		{5FE29E66-D399-417C-A126-6F55C298C507}.AppStore|Mixed Platforms.Deploy.0 = Release|Any CPU
		{5FE29E66-D399-417C-A126-6F55C298C507}.AppStore|x86.ActiveCfg = Release|Any CPU
		{5FE29E66-D399-417C-A126-6F55C298C507}.Debug|Any CPU.ActiveCfg = Debug|Any CPU
		{5FE29E66-D399-417C-A126-6F55C298C507}.Debug|Any CPU.Build.0 = Debug|Any CPU
		{5FE29E66-D399-417C-A126-6F55C298C507}.Debug|Any CPU.Deploy.0 = Debug|Any CPU
		{5FE29E66-D399-417C-A126-6F55C298C507}.Debug|ARM.ActiveCfg = Debug|Any CPU
		{5FE29E66-D399-417C-A126-6F55C298C507}.Debug|iPhone.ActiveCfg = Debug|Any CPU
		{5FE29E66-D399-417C-A126-6F55C298C507}.Debug|iPhoneSimulator.ActiveCfg = Debug|Any CPU
		{5FE29E66-D399-417C-A126-6F55C298C507}.Debug|Mixed Platforms.ActiveCfg = Debug|Any CPU
		{5FE29E66-D399-417C-A126-6F55C298C507}.Debug|Mixed Platforms.Build.0 = Debug|Any CPU
		{5FE29E66-D399-417C-A126-6F55C298C507}.Debug|Mixed Platforms.Deploy.0 = Debug|Any CPU
		{5FE29E66-D399-417C-A126-6F55C298C507}.Debug|x86.ActiveCfg = Debug|Any CPU
		{5FE29E66-D399-417C-A126-6F55C298C507}.Release|Any CPU.ActiveCfg = Release|Any CPU
		{5FE29E66-D399-417C-A126-6F55C298C507}.Release|Any CPU.Build.0 = Release|Any CPU
		{5FE29E66-D399-417C-A126-6F55C298C507}.Release|Any CPU.Deploy.0 = Release|Any CPU
		{5FE29E66-D399-417C-A126-6F55C298C507}.Release|ARM.ActiveCfg = Release|Any CPU
		{5FE29E66-D399-417C-A126-6F55C298C507}.Release|iPhone.ActiveCfg = Release|Any CPU
		{5FE29E66-D399-417C-A126-6F55C298C507}.Release|iPhoneSimulator.ActiveCfg = Release|Any CPU
		{5FE29E66-D399-417C-A126-6F55C298C507}.Release|Mixed Platforms.ActiveCfg = Release|Any CPU
		{5FE29E66-D399-417C-A126-6F55C298C507}.Release|Mixed Platforms.Build.0 = Release|Any CPU
		{5FE29E66-D399-417C-A126-6F55C298C507}.Release|Mixed Platforms.Deploy.0 = Release|Any CPU
		{5FE29E66-D399-417C-A126-6F55C298C507}.Release|x86.ActiveCfg = Release|Any CPU
		{C99EB81B-AF1D-47B5-A63F-79C0B4AC84A4}.Ad-Hoc|Any CPU.ActiveCfg = Release|Any CPU
		{C99EB81B-AF1D-47B5-A63F-79C0B4AC84A4}.Ad-Hoc|Any CPU.Build.0 = Release|Any CPU
		{C99EB81B-AF1D-47B5-A63F-79C0B4AC84A4}.Ad-Hoc|Any CPU.Deploy.0 = Release|Any CPU
		{C99EB81B-AF1D-47B5-A63F-79C0B4AC84A4}.Ad-Hoc|ARM.ActiveCfg = Release|ARM
		{C99EB81B-AF1D-47B5-A63F-79C0B4AC84A4}.Ad-Hoc|ARM.Build.0 = Release|ARM
		{C99EB81B-AF1D-47B5-A63F-79C0B4AC84A4}.Ad-Hoc|ARM.Deploy.0 = Release|ARM
		{C99EB81B-AF1D-47B5-A63F-79C0B4AC84A4}.Ad-Hoc|iPhone.ActiveCfg = Release|Any CPU
		{C99EB81B-AF1D-47B5-A63F-79C0B4AC84A4}.Ad-Hoc|iPhoneSimulator.ActiveCfg = Release|Any CPU
		{C99EB81B-AF1D-47B5-A63F-79C0B4AC84A4}.Ad-Hoc|Mixed Platforms.ActiveCfg = Release|x86
		{C99EB81B-AF1D-47B5-A63F-79C0B4AC84A4}.Ad-Hoc|Mixed Platforms.Build.0 = Release|x86
		{C99EB81B-AF1D-47B5-A63F-79C0B4AC84A4}.Ad-Hoc|Mixed Platforms.Deploy.0 = Release|x86
		{C99EB81B-AF1D-47B5-A63F-79C0B4AC84A4}.Ad-Hoc|x86.ActiveCfg = Release|x86
		{C99EB81B-AF1D-47B5-A63F-79C0B4AC84A4}.Ad-Hoc|x86.Build.0 = Release|x86
		{C99EB81B-AF1D-47B5-A63F-79C0B4AC84A4}.Ad-Hoc|x86.Deploy.0 = Release|x86
		{C99EB81B-AF1D-47B5-A63F-79C0B4AC84A4}.AppStore|Any CPU.ActiveCfg = Release|Any CPU
		{C99EB81B-AF1D-47B5-A63F-79C0B4AC84A4}.AppStore|Any CPU.Build.0 = Release|Any CPU
		{C99EB81B-AF1D-47B5-A63F-79C0B4AC84A4}.AppStore|Any CPU.Deploy.0 = Release|Any CPU
		{C99EB81B-AF1D-47B5-A63F-79C0B4AC84A4}.AppStore|ARM.ActiveCfg = Release|ARM
		{C99EB81B-AF1D-47B5-A63F-79C0B4AC84A4}.AppStore|ARM.Build.0 = Release|ARM
		{C99EB81B-AF1D-47B5-A63F-79C0B4AC84A4}.AppStore|ARM.Deploy.0 = Release|ARM
		{C99EB81B-AF1D-47B5-A63F-79C0B4AC84A4}.AppStore|iPhone.ActiveCfg = Release|Any CPU
		{C99EB81B-AF1D-47B5-A63F-79C0B4AC84A4}.AppStore|iPhoneSimulator.ActiveCfg = Release|Any CPU
		{C99EB81B-AF1D-47B5-A63F-79C0B4AC84A4}.AppStore|Mixed Platforms.ActiveCfg = Release|x86
		{C99EB81B-AF1D-47B5-A63F-79C0B4AC84A4}.AppStore|Mixed Platforms.Build.0 = Release|x86
		{C99EB81B-AF1D-47B5-A63F-79C0B4AC84A4}.AppStore|Mixed Platforms.Deploy.0 = Release|x86
		{C99EB81B-AF1D-47B5-A63F-79C0B4AC84A4}.AppStore|x86.ActiveCfg = Release|x86
		{C99EB81B-AF1D-47B5-A63F-79C0B4AC84A4}.AppStore|x86.Build.0 = Release|x86
		{C99EB81B-AF1D-47B5-A63F-79C0B4AC84A4}.AppStore|x86.Deploy.0 = Release|x86
		{C99EB81B-AF1D-47B5-A63F-79C0B4AC84A4}.Debug|Any CPU.ActiveCfg = Debug|Any CPU
		{C99EB81B-AF1D-47B5-A63F-79C0B4AC84A4}.Debug|Any CPU.Build.0 = Debug|Any CPU
		{C99EB81B-AF1D-47B5-A63F-79C0B4AC84A4}.Debug|Any CPU.Deploy.0 = Debug|Any CPU
		{C99EB81B-AF1D-47B5-A63F-79C0B4AC84A4}.Debug|ARM.ActiveCfg = Debug|ARM
		{C99EB81B-AF1D-47B5-A63F-79C0B4AC84A4}.Debug|ARM.Build.0 = Debug|ARM
		{C99EB81B-AF1D-47B5-A63F-79C0B4AC84A4}.Debug|ARM.Deploy.0 = Debug|ARM
		{C99EB81B-AF1D-47B5-A63F-79C0B4AC84A4}.Debug|iPhone.ActiveCfg = Debug|Any CPU
		{C99EB81B-AF1D-47B5-A63F-79C0B4AC84A4}.Debug|iPhoneSimulator.ActiveCfg = Debug|Any CPU
		{C99EB81B-AF1D-47B5-A63F-79C0B4AC84A4}.Debug|Mixed Platforms.ActiveCfg = Debug|ARM
		{C99EB81B-AF1D-47B5-A63F-79C0B4AC84A4}.Debug|Mixed Platforms.Build.0 = Debug|ARM
		{C99EB81B-AF1D-47B5-A63F-79C0B4AC84A4}.Debug|x86.ActiveCfg = Debug|x86
		{C99EB81B-AF1D-47B5-A63F-79C0B4AC84A4}.Debug|x86.Build.0 = Debug|x86
		{C99EB81B-AF1D-47B5-A63F-79C0B4AC84A4}.Debug|x86.Deploy.0 = Debug|x86
		{C99EB81B-AF1D-47B5-A63F-79C0B4AC84A4}.Release|Any CPU.ActiveCfg = Release|Any CPU
		{C99EB81B-AF1D-47B5-A63F-79C0B4AC84A4}.Release|Any CPU.Build.0 = Release|Any CPU
		{C99EB81B-AF1D-47B5-A63F-79C0B4AC84A4}.Release|Any CPU.Deploy.0 = Release|Any CPU
		{C99EB81B-AF1D-47B5-A63F-79C0B4AC84A4}.Release|ARM.ActiveCfg = Release|ARM
		{C99EB81B-AF1D-47B5-A63F-79C0B4AC84A4}.Release|ARM.Build.0 = Release|ARM
		{C99EB81B-AF1D-47B5-A63F-79C0B4AC84A4}.Release|ARM.Deploy.0 = Release|ARM
		{C99EB81B-AF1D-47B5-A63F-79C0B4AC84A4}.Release|iPhone.ActiveCfg = Release|Any CPU
		{C99EB81B-AF1D-47B5-A63F-79C0B4AC84A4}.Release|iPhoneSimulator.ActiveCfg = Release|Any CPU
		{C99EB81B-AF1D-47B5-A63F-79C0B4AC84A4}.Release|Mixed Platforms.ActiveCfg = Release|x86
		{C99EB81B-AF1D-47B5-A63F-79C0B4AC84A4}.Release|Mixed Platforms.Build.0 = Release|x86
		{C99EB81B-AF1D-47B5-A63F-79C0B4AC84A4}.Release|Mixed Platforms.Deploy.0 = Release|x86
		{C99EB81B-AF1D-47B5-A63F-79C0B4AC84A4}.Release|x86.ActiveCfg = Release|x86
		{C99EB81B-AF1D-47B5-A63F-79C0B4AC84A4}.Release|x86.Build.0 = Release|x86
		{C99EB81B-AF1D-47B5-A63F-79C0B4AC84A4}.Release|x86.Deploy.0 = Release|x86
	EndGlobalSection
	GlobalSection(SolutionProperties) = preSolution
		HideSolutionNode = FALSE
	EndGlobalSection
EndGlobal
